
Microsoft Visual Studio Solution File, Format Version 12.00
# Visual Studio 15
VisualStudioVersion = 15.0.28307.421
MinimumVisualStudioVersion = 10.0.40219.1
Project("{FAE04EC0-301F-11D3-BF4B-00C04F79EFBC}") = "Page115_Collection", "Page115_Collection\Page115_Collection.csproj", "{A386242C-D260-4249-8F7E-54D28D2C74C1}"
EndProject
Global
	GlobalSection(SolutionConfigurationPlatforms) = preSolution
		Debug|Any CPU = Debug|Any CPU
		Release|Any CPU = Release|Any CPU
	EndGlobalSection
	GlobalSection(ProjectConfigurationPlatforms) = postSolution
		{A386242C-D260-4249-8F7E-54D28D2C74C1}.Debug|Any CPU.ActiveCfg = Debug|Any CPU
		{A386242C-D260-4249-8F7E-54D28D2C74C1}.Debug|Any CPU.Build.0 = Debug|Any CPU
		{A386242C-D260-4249-8F7E-54D28D2C74C1}.Release|Any CPU.ActiveCfg = Release|Any CPU
		{A386242C-D260-4249-8F7E-54D28D2C74C1}.Release|Any CPU.Build.0 = Release|Any CPU
	EndGlobalSection
	GlobalSection(SolutionProperties) = preSolution
		HideSolutionNode = FALSE
	EndGlobalSection
	GlobalSection(ExtensibilityGlobals) = postSolution
		SolutionGuid = {B3225B68-923A-491D-892B-04F7F01DBA3A}
	EndGlobalSection
EndGlobal
