
Microsoft Visual Studio Solution File, Format Version 12.00
# Visual Studio 15
VisualStudioVersion = 15.0.28307.421
MinimumVisualStudioVersion = 10.0.40219.1
Project("{FAE04EC0-301F-11D3-BF4B-00C04F79EFBC}") = "Page82_소멸자", "Page82_소멸자\Page82_소멸자.csproj", "{106FD35E-860D-42B4-9AEB-289F2A67B3D9}"
EndProject
Global
	GlobalSection(SolutionConfigurationPlatforms) = preSolution
		Debug|Any CPU = Debug|Any CPU
		Release|Any CPU = Release|Any CPU
	EndGlobalSection
	GlobalSection(ProjectConfigurationPlatforms) = postSolution
		{106FD35E-860D-42B4-9AEB-289F2A67B3D9}.Debug|Any CPU.ActiveCfg = Debug|Any CPU
		{106FD35E-860D-42B4-9AEB-289F2A67B3D9}.Debug|Any CPU.Build.0 = Debug|Any CPU
		{106FD35E-860D-42B4-9AEB-289F2A67B3D9}.Release|Any CPU.ActiveCfg = Release|Any CPU
		{106FD35E-860D-42B4-9AEB-289F2A67B3D9}.Release|Any CPU.Build.0 = Release|Any CPU
	EndGlobalSection
	GlobalSection(SolutionProperties) = preSolution
		HideSolutionNode = FALSE
	EndGlobalSection
	GlobalSection(ExtensibilityGlobals) = postSolution
		SolutionGuid = {FE9FA2BF-B918-4907-A80F-1EB08237026E}
	EndGlobalSection
EndGlobal
