
Microsoft Visual Studio Solution File, Format Version 12.00
# Visual Studio 15
VisualStudioVersion = 15.0.28307.421
MinimumVisualStudioVersion = 10.0.40219.1
Project("{FAE04EC0-301F-11D3-BF4B-00C04F79EFBC}") = "Page54_어셈블리", "Page54_어셈블리\Page54_어셈블리.csproj", "{556C9A33-ECEA-482B-A2EA-10D4529F47A9}"
EndProject
Global
	GlobalSection(SolutionConfigurationPlatforms) = preSolution
		Debug|Any CPU = Debug|Any CPU
		Release|Any CPU = Release|Any CPU
	EndGlobalSection
	GlobalSection(ProjectConfigurationPlatforms) = postSolution
		{556C9A33-ECEA-482B-A2EA-10D4529F47A9}.Debug|Any CPU.ActiveCfg = Debug|Any CPU
		{556C9A33-ECEA-482B-A2EA-10D4529F47A9}.Debug|Any CPU.Build.0 = Debug|Any CPU
		{556C9A33-ECEA-482B-A2EA-10D4529F47A9}.Release|Any CPU.ActiveCfg = Release|Any CPU
		{556C9A33-ECEA-482B-A2EA-10D4529F47A9}.Release|Any CPU.Build.0 = Release|Any CPU
	EndGlobalSection
	GlobalSection(SolutionProperties) = preSolution
		HideSolutionNode = FALSE
	EndGlobalSection
	GlobalSection(ExtensibilityGlobals) = postSolution
		SolutionGuid = {776E562C-2BE2-4726-BB67-A9AD7948E169}
	EndGlobalSection
EndGlobal
