
Microsoft Visual Studio Solution File, Format Version 12.00
# Visual Studio 15
VisualStudioVersion = 15.0.28307.421
MinimumVisualStudioVersion = 10.0.40219.1
Project("{FAE04EC0-301F-11D3-BF4B-00C04F79EFBC}") = "Page122_LAB3(해쉬테이블)", "Page122_LAB3(해쉬테이블)\Page122_LAB3(해쉬테이블).csproj", "{721BB5C8-3F83-4714-BFAD-119376380C9D}"
EndProject
Global
	GlobalSection(SolutionConfigurationPlatforms) = preSolution
		Debug|Any CPU = Debug|Any CPU
		Release|Any CPU = Release|Any CPU
	EndGlobalSection
	GlobalSection(ProjectConfigurationPlatforms) = postSolution
		{721BB5C8-3F83-4714-BFAD-119376380C9D}.Debug|Any CPU.ActiveCfg = Debug|Any CPU
		{721BB5C8-3F83-4714-BFAD-119376380C9D}.Debug|Any CPU.Build.0 = Debug|Any CPU
		{721BB5C8-3F83-4714-BFAD-119376380C9D}.Release|Any CPU.ActiveCfg = Release|Any CPU
		{721BB5C8-3F83-4714-BFAD-119376380C9D}.Release|Any CPU.Build.0 = Release|Any CPU
	EndGlobalSection
	GlobalSection(SolutionProperties) = preSolution
		HideSolutionNode = FALSE
	EndGlobalSection
	GlobalSection(ExtensibilityGlobals) = postSolution
		SolutionGuid = {C1D151D4-184D-4746-9F1B-BFAE3D7CDE3E}
	EndGlobalSection
EndGlobal
