
Microsoft Visual Studio Solution File, Format Version 12.00
# Visual Studio 15
VisualStudioVersion = 15.0.28307.421
MinimumVisualStudioVersion = 10.0.40219.1
Project("{FAE04EC0-301F-11D3-BF4B-00C04F79EFBC}") = "Page96_arr", "Page96_arr\Page96_arr.csproj", "{033E1043-44DB-45AC-9488-A5CD4E767728}"
EndProject
Global
	GlobalSection(SolutionConfigurationPlatforms) = preSolution
		Debug|Any CPU = Debug|Any CPU
		Release|Any CPU = Release|Any CPU
	EndGlobalSection
	GlobalSection(ProjectConfigurationPlatforms) = postSolution
		{033E1043-44DB-45AC-9488-A5CD4E767728}.Debug|Any CPU.ActiveCfg = Debug|Any CPU
		{033E1043-44DB-45AC-9488-A5CD4E767728}.Debug|Any CPU.Build.0 = Debug|Any CPU
		{033E1043-44DB-45AC-9488-A5CD4E767728}.Release|Any CPU.ActiveCfg = Release|Any CPU
		{033E1043-44DB-45AC-9488-A5CD4E767728}.Release|Any CPU.Build.0 = Release|Any CPU
	EndGlobalSection
	GlobalSection(SolutionProperties) = preSolution
		HideSolutionNode = FALSE
	EndGlobalSection
	GlobalSection(ExtensibilityGlobals) = postSolution
		SolutionGuid = {937B1A96-5D37-458C-91DF-55EF403FE6F5}
	EndGlobalSection
EndGlobal
