
Microsoft Visual Studio Solution File, Format Version 12.00
# Visual Studio 15
VisualStudioVersion = 15.0.28307.421
MinimumVisualStudioVersion = 10.0.40219.1
Project("{FAE04EC0-301F-11D3-BF4B-00C04F79EFBC}") = "_LAB2", "_LAB2\_LAB2.csproj", "{4F2AD143-13DF-4BA6-AA80-2BA53E399CC5}"
EndProject
Global
	GlobalSection(SolutionConfigurationPlatforms) = preSolution
		Debug|Any CPU = Debug|Any CPU
		Release|Any CPU = Release|Any CPU
	EndGlobalSection
	GlobalSection(ProjectConfigurationPlatforms) = postSolution
		{4F2AD143-13DF-4BA6-AA80-2BA53E399CC5}.Debug|Any CPU.ActiveCfg = Debug|Any CPU
		{4F2AD143-13DF-4BA6-AA80-2BA53E399CC5}.Debug|Any CPU.Build.0 = Debug|Any CPU
		{4F2AD143-13DF-4BA6-AA80-2BA53E399CC5}.Release|Any CPU.ActiveCfg = Release|Any CPU
		{4F2AD143-13DF-4BA6-AA80-2BA53E399CC5}.Release|Any CPU.Build.0 = Release|Any CPU
	EndGlobalSection
	GlobalSection(SolutionProperties) = preSolution
		HideSolutionNode = FALSE
	EndGlobalSection
	GlobalSection(ExtensibilityGlobals) = postSolution
		SolutionGuid = {14D58FCE-3752-46F9-8280-ADD6C7AF52B1}
	EndGlobalSection
EndGlobal
