
Microsoft Visual Studio Solution File, Format Version 12.00
# Visual Studio 15
VisualStudioVersion = 15.0.28307.421
MinimumVisualStudioVersion = 10.0.40219.1
Project("{FAE04EC0-301F-11D3-BF4B-00C04F79EFBC}") = "Page108_EX2", "Page108_EX2\Page108_EX2.csproj", "{BD728FAE-C72E-4C70-B450-129B3AC50743}"
EndProject
Global
	GlobalSection(SolutionConfigurationPlatforms) = preSolution
		Debug|Any CPU = Debug|Any CPU
		Release|Any CPU = Release|Any CPU
	EndGlobalSection
	GlobalSection(ProjectConfigurationPlatforms) = postSolution
		{BD728FAE-C72E-4C70-B450-129B3AC50743}.Debug|Any CPU.ActiveCfg = Debug|Any CPU
		{BD728FAE-C72E-4C70-B450-129B3AC50743}.Debug|Any CPU.Build.0 = Debug|Any CPU
		{BD728FAE-C72E-4C70-B450-129B3AC50743}.Release|Any CPU.ActiveCfg = Release|Any CPU
		{BD728FAE-C72E-4C70-B450-129B3AC50743}.Release|Any CPU.Build.0 = Release|Any CPU
	EndGlobalSection
	GlobalSection(SolutionProperties) = preSolution
		HideSolutionNode = FALSE
	EndGlobalSection
	GlobalSection(ExtensibilityGlobals) = postSolution
		SolutionGuid = {5CD5ECDD-D68E-408A-8F47-297D6C665D6A}
	EndGlobalSection
EndGlobal
