
Microsoft Visual Studio Solution File, Format Version 12.00
# Visual Studio 15
VisualStudioVersion = 15.0.28307.421
MinimumVisualStudioVersion = 10.0.40219.1
Project("{FAE04EC0-301F-11D3-BF4B-00C04F79EFBC}") = "Page91_out", "Page91_out\Page91_out.csproj", "{3F60498C-D53D-4FBA-AAE7-5CF80B83E769}"
EndProject
Global
	GlobalSection(SolutionConfigurationPlatforms) = preSolution
		Debug|Any CPU = Debug|Any CPU
		Release|Any CPU = Release|Any CPU
	EndGlobalSection
	GlobalSection(ProjectConfigurationPlatforms) = postSolution
		{3F60498C-D53D-4FBA-AAE7-5CF80B83E769}.Debug|Any CPU.ActiveCfg = Debug|Any CPU
		{3F60498C-D53D-4FBA-AAE7-5CF80B83E769}.Debug|Any CPU.Build.0 = Debug|Any CPU
		{3F60498C-D53D-4FBA-AAE7-5CF80B83E769}.Release|Any CPU.ActiveCfg = Release|Any CPU
		{3F60498C-D53D-4FBA-AAE7-5CF80B83E769}.Release|Any CPU.Build.0 = Release|Any CPU
	EndGlobalSection
	GlobalSection(SolutionProperties) = preSolution
		HideSolutionNode = FALSE
	EndGlobalSection
	GlobalSection(ExtensibilityGlobals) = postSolution
		SolutionGuid = {F8218C12-4F93-4BF5-A06F-3FAE159683DE}
	EndGlobalSection
EndGlobal
