
Microsoft Visual Studio Solution File, Format Version 12.00
# Visual Studio 15
VisualStudioVersion = 15.0.28307.421
MinimumVisualStudioVersion = 10.0.40219.1
Project("{FAE04EC0-301F-11D3-BF4B-00C04F79EFBC}") = "_LAB", "_LAB\_LAB.csproj", "{EA0EACF9-223E-4D8B-86D8-5D361514E821}"
EndProject
Global
	GlobalSection(SolutionConfigurationPlatforms) = preSolution
		Debug|Any CPU = Debug|Any CPU
		Release|Any CPU = Release|Any CPU
	EndGlobalSection
	GlobalSection(ProjectConfigurationPlatforms) = postSolution
		{EA0EACF9-223E-4D8B-86D8-5D361514E821}.Debug|Any CPU.ActiveCfg = Debug|Any CPU
		{EA0EACF9-223E-4D8B-86D8-5D361514E821}.Debug|Any CPU.Build.0 = Debug|Any CPU
		{EA0EACF9-223E-4D8B-86D8-5D361514E821}.Release|Any CPU.ActiveCfg = Release|Any CPU
		{EA0EACF9-223E-4D8B-86D8-5D361514E821}.Release|Any CPU.Build.0 = Release|Any CPU
	EndGlobalSection
	GlobalSection(SolutionProperties) = preSolution
		HideSolutionNode = FALSE
	EndGlobalSection
	GlobalSection(ExtensibilityGlobals) = postSolution
		SolutionGuid = {96B969E9-AA5E-4618-97C0-16C79B4163C3}
	EndGlobalSection
EndGlobal
